
Microsoft Visual Studio Solution File, Format Version 12.00
# Visual Studio Version 16
VisualStudioVersion = 16.0.29519.181
MinimumVisualStudioVersion = 10.0.40219.1
Project("{FAE04EC0-301F-11D3-BF4B-00C04F79EFBC}") = "Airlines", "Airlines\Airlines.csproj", "{2F568C3F-E8C9-4E20-9BD4-063F1C4CD572}"
EndProject
Global
	GlobalSection(SolutionConfigurationPlatforms) = preSolution
		Debug|Any CPU = Debug|Any CPU
		Debug|x64 = Debug|x64
		Release|Any CPU = Release|Any CPU
		Release|x64 = Release|x64
	EndGlobalSection
	GlobalSection(ProjectConfigurationPlatforms) = postSolution
		{2F568C3F-E8C9-4E20-9BD4-063F1C4CD572}.Debug|Any CPU.ActiveCfg = Debug|Any CPU
		{2F568C3F-E8C9-4E20-9BD4-063F1C4CD572}.Debug|Any CPU.Build.0 = Debug|Any CPU
		{2F568C3F-E8C9-4E20-9BD4-063F1C4CD572}.Debug|x64.ActiveCfg = Debug|Any CPU
		{2F568C3F-E8C9-4E20-9BD4-063F1C4CD572}.Debug|x64.Build.0 = Debug|Any CPU
		{2F568C3F-E8C9-4E20-9BD4-063F1C4CD572}.Release|Any CPU.ActiveCfg = Release|Any CPU
		{2F568C3F-E8C9-4E20-9BD4-063F1C4CD572}.Release|Any CPU.Build.0 = Release|Any CPU
		{2F568C3F-E8C9-4E20-9BD4-063F1C4CD572}.Release|x64.ActiveCfg = Release|Any CPU
		{2F568C3F-E8C9-4E20-9BD4-063F1C4CD572}.Release|x64.Build.0 = Release|Any CPU
	EndGlobalSection
	GlobalSection(SolutionProperties) = preSolution
		HideSolutionNode = FALSE
	EndGlobalSection
	GlobalSection(ExtensibilityGlobals) = postSolution
		SolutionGuid = {0E7EC8BA-89C9-4FC2-B151-093F36859316}
	EndGlobalSection
EndGlobal
